version = 1
requires-python = ">=3.10"

[[package]]
name = "openenv-email-triage"
version = "1.0.0"
source = { editable = "." }

[[package]]
name = "openenv-core"
version = "0.2.0"
source = { registry = "https://pypi.org/simple" }
dependencies = [
    { name = "pydantic" },
    { name = "fastapi" },
]